
Microsoft Visual Studio Solution File, Format Version 12.00
# Visual Studio 15
VisualStudioVersion = 15.0.28010.2048
MinimumVisualStudioVersion = 10.0.40219.1
Project("{FAE04EC0-301F-11D3-BF4B-00C04F79EFBC}") = "AkroNetworking", "AkroNetworking\AkroNetworking.csproj", "{BA6255E2-F958-4223-B523-EC833EB581B6}"
EndProject
Project("{9A19103F-16F7-4668-BE54-9A1E7A4F7556}") = "Lidgren.Network.MultiTarget", "Lidgren.Network.MultiTarget\Lidgren.Network.MultiTarget.csproj", "{F971E758-3605-4806-B9A7-4389940AC4AF}"
EndProject
Global
	GlobalSection(SolutionConfigurationPlatforms) = preSolution
		Debug|Any CPU = Debug|Any CPU
		Release|Any CPU = Release|Any CPU
	EndGlobalSection
	GlobalSection(ProjectConfigurationPlatforms) = postSolution
		{BA6255E2-F958-4223-B523-EC833EB581B6}.Debug|Any CPU.ActiveCfg = Debug|Any CPU
		{BA6255E2-F958-4223-B523-EC833EB581B6}.Debug|Any CPU.Build.0 = Debug|Any CPU
		{BA6255E2-F958-4223-B523-EC833EB581B6}.Release|Any CPU.ActiveCfg = Release|Any CPU
		{BA6255E2-F958-4223-B523-EC833EB581B6}.Release|Any CPU.Build.0 = Release|Any CPU
		{F971E758-3605-4806-B9A7-4389940AC4AF}.Debug|Any CPU.ActiveCfg = Debug|Any CPU
		{F971E758-3605-4806-B9A7-4389940AC4AF}.Debug|Any CPU.Build.0 = Debug|Any CPU
		{F971E758-3605-4806-B9A7-4389940AC4AF}.Release|Any CPU.ActiveCfg = Release|Any CPU
		{F971E758-3605-4806-B9A7-4389940AC4AF}.Release|Any CPU.Build.0 = Release|Any CPU
	EndGlobalSection
	GlobalSection(SolutionProperties) = preSolution
		HideSolutionNode = FALSE
	EndGlobalSection
	GlobalSection(ExtensibilityGlobals) = postSolution
		SolutionGuid = {68C24D32-2CCD-437D-80B1-84250FF7EDCA}
	EndGlobalSection
EndGlobal
